PODS:
  - Alamofire (4.0.1)
  - LeanCloud (1.3.0):
    - LeanCloud/Storage (= 1.3.0)
  - LeanCloud/Storage (1.3.0):
    - Alamofire (~> 4.0.1)

DEPENDENCIES:
  - LeanCloud

SPEC CHECKSUMS:
  Alamofire: 7682d43245de14874acd142ec137b144aa1dd335
  LeanCloud: 4b3d788f5be7e356331326bc4f8752e28d076e48

PODFILE CHECKSUM: a2cc1f0c0156c9b088e1e9ea958b7bb06bb5ea0a

COCOAPODS: 1.1.1
